
Microsoft Visual Studio Solution File, Format Version 12.00
# Visual Studio Version 16
VisualStudioVersion = 16.0.29926.136
MinimumVisualStudioVersion = 10.0.40219.1
Project("{F2A71F9B-5D33-465A-A702-920D77279786}") = "CoronavirusAnalyser", "CoronavirusAnalyser\CoronavirusAnalyser.fsproj", "{F26BA519-9568-4D48-B1EE-7AB0716CF7E8}"
EndProject
Global
	GlobalSection(SolutionConfigurationPlatforms) = preSolution
		Debug|Any CPU = Debug|Any CPU
		Release|Any CPU = Release|Any CPU
	EndGlobalSection
	GlobalSection(ProjectConfigurationPlatforms) = postSolution
		{F26BA519-9568-4D48-B1EE-7AB0716CF7E8}.Debug|Any CPU.ActiveCfg = Debug|Any CPU
		{F26BA519-9568-4D48-B1EE-7AB0716CF7E8}.Debug|Any CPU.Build.0 = Debug|Any CPU
		{F26BA519-9568-4D48-B1EE-7AB0716CF7E8}.Release|Any CPU.ActiveCfg = Release|Any CPU
		{F26BA519-9568-4D48-B1EE-7AB0716CF7E8}.Release|Any CPU.Build.0 = Release|Any CPU
	EndGlobalSection
	GlobalSection(SolutionProperties) = preSolution
		HideSolutionNode = FALSE
	EndGlobalSection
	GlobalSection(ExtensibilityGlobals) = postSolution
		SolutionGuid = {4E326A36-74CC-49F6-8A94-6C7B2661103C}
	EndGlobalSection
EndGlobal
